
Microsoft Visual Studio Solution File, Format Version 12.00
# Visual Studio Version 17
VisualStudioVersion = 17.4.33122.133
MinimumVisualStudioVersion = 10.0.40219.1
Project("{FAE04EC0-301F-11D3-BF4B-00C04F79EFBC}") = "Bookstore", "Bookstore\Bookstore.csproj", "{CE2DA9EC-E947-49AA-8F6F-01ECEF4233BC}"
EndProject
Global
	GlobalSection(SolutionConfigurationPlatforms) = preSolution
		Debug|Any CPU = Debug|Any CPU
		Release|Any CPU = Release|Any CPU
	EndGlobalSection
	GlobalSection(ProjectConfigurationPlatforms) = postSolution
		{CE2DA9EC-E947-49AA-8F6F-01ECEF4233BC}.Debug|Any CPU.ActiveCfg = Debug|Any CPU
		{CE2DA9EC-E947-49AA-8F6F-01ECEF4233BC}.Debug|Any CPU.Build.0 = Debug|Any CPU
		{CE2DA9EC-E947-49AA-8F6F-01ECEF4233BC}.Release|Any CPU.ActiveCfg = Release|Any CPU
		{CE2DA9EC-E947-49AA-8F6F-01ECEF4233BC}.Release|Any CPU.Build.0 = Release|Any CPU
	EndGlobalSection
	GlobalSection(SolutionProperties) = preSolution
		HideSolutionNode = FALSE
	EndGlobalSection
	GlobalSection(ExtensibilityGlobals) = postSolution
		SolutionGuid = {D5A549F1-9D2E-4D0E-8B12-7F20FB4C0F05}
	EndGlobalSection
EndGlobal
